#шлюзы

- type: entity
  parent: HighSecDoor
  id: HighSecCentComLocked
  name: Бронированная дверь ЦК
  suffix: CentCom, Locked
  components:
    - type: AccessReader
      access: [["CCGeneral"]]
    - type: PaintableAirlock
      group: Glass
    - type: Door
      occludes: false
    - type: Occluder
      enabled: false
    - type: Sprite
      sprite: Structures/Doors/Airlocks/Glass/glass.rsi
    - type: AnimationPlayer

- type: entity
  parent: HighSecDoor
  id: HighSecCCArmoryLocked
  name: Бронированная дверь ЦК
  suffix: CentCom, Armory, Locked
  components:
    - type: AccessReader
      access: [["CCSecurity"]]
    - type: PaintableAirlock
      group: Glass
    - type: Door
      occludes: false
    - type: Occluder
      enabled: false
    - type: Sprite
      sprite: Structures/Doors/Airlocks/Glass/glass.rsi
    - type: AnimationPlayer

- type: entity
  parent: HighSecDoor
  id: HighSecCCAdmiralLocked
  name: Бронированная дверь ЦК
  suffix: CentCom, Officer, Locked
  components:
    - type: AccessReader
      access: [["CCAdmiral"]]
    - type: PaintableAirlock
      group: Glass
    - type: Door
      occludes: false
    - type: Occluder
      enabled: false
    - type: Sprite
      sprite: Structures/Doors/Airlocks/Glass/glass.rsi
    - type: AnimationPlayer

- type: entity
  parent: HighSecDoor
  id: HighSecCCNanotrayzenLocked
  name: Бронированная дверь каюты Адмирала ЦК
  suffix: CentCom, Admiral, Locked
  components:
    - type: AccessReader
      access: [["CCNanotrayzen"]]
    - type: PaintableAirlock
      group: Glass
    - type: Door
      occludes: false
    - type: Occluder
      enabled: false
    - type: Sprite
      sprite: Structures/Doors/Airlocks/Glass/glass.rsi
    - type: AnimationPlayer

- type: entity
  parent: AirlockCargo
  id: AirlockCCCAssistLocked
  name: Шлюз ЦК
  suffix: CentCom, Cargo, Locked
  components:
    - type: AccessReader
      access: [["CCAssist"]]

- type: entity
  parent: AirlockSecurity
  id: AirlockCCSecurityLocked
  name: Шлюз ЦК
  suffix: CentCom, Security, Locked
  components:
    - type: AccessReader
      access: [["CCSecurity"]]
    - type: Wires
      LayoutId: AirlockSecurity

- type: entity
  parent: AirlockEngineering
  id: AirlockCCEngineeringLocked
  name: Шлюз ЦК
  suffix: CentCom, Engineering, Locked
  components:
    - type: AccessReader
      access: [["CCGeneral"]]

- type: entity
  parent: AirlockMedical
  id: AirlockCCMedicalLocked
  name: Шлюз ЦК
  suffix: CentCom, Medical, Locked
  components:
    - type: AccessReader
      access: [["CCGeneral"]]

#шлюзы СССП

- type: entity
  parent: HighSecDoor
  id: HighSecSSSPArmoryLocked
  name: Бронированная дверь СССП
  suffix: SSSP
  components:
    - type: AccessReader
      access: [["SSSParmory"]]
    - type: PaintableAirlock
      group: Glass
    - type: Door
      occludes: false
    - type: Occluder
      enabled: false
    - type: Sprite
      sprite: Structures/Doors/Airlocks/Glass/glass.rsi
    - type: AnimationPlayer

- type: entity
  parent: AirlockSecurity
  id: AirlockSSSPGeneraltLocked
  name: Шлюз СССП
  suffix: SSSP
  components:
    - type: AccessReader
      access: [["SSSPGeneral"]]

- type: entity
  parent: AirlockSecurity
  id: AirlockSSSPcommanderLocked
  name: Шлюз СССП
  suffix: SSSP
  components:
    - type: AccessReader
      access: [["SSSPcommander"]]